
Microsoft Visual Studio Solution File, Format Version 10.00
# Visual Studio 2008
Project("{FAE04EC0-301F-11D3-BF4B-00C04F79EFBC}") = "gatekeeper", "src\gatekeeper\gatekeeper.csproj", "{66B146C6-A571-467B-B1E9-12A589211310}"
EndProject
Project("{FAE04EC0-301F-11D3-BF4B-00C04F79EFBC}") = "gatekeeper-test", "test\gatekeeper-test\gatekeeper-test.csproj", "{0071DF8E-0822-42B2-9914-4556AD291CF0}"
EndProject
Project("{FAE04EC0-301F-11D3-BF4B-00C04F79EFBC}") = "gatekeeper-console", "src\gatekeeper-console\gatekeeper-console.csproj", "{03B6D6DB-67BE-42A0-9727-E72FEB08BCCF}"
EndProject
Project("{FAE04EC0-301F-11D3-BF4B-00C04F79EFBC}") = "gatekeeper-web-ui", "src\gatekeeper-web-ui\gatekeeper-web-ui.csproj", "{F7AF4F27-ACFD-49B9-82CB-4660DC2703DE}"
EndProject
Project("{2150E333-8FDC-42A3-9474-1A3956D46DE8}") = "config", "config", "{F9CE2F18-20F1-4BC2-8141-17E5BDA7DB0E}"
	ProjectSection(SolutionItems) = preProject
		config\app.config = config\app.config
		config\providers.config = config\providers.config
		config\gatekeeper.xml = config\gatekeeper.xml
		config\gatekeeper.config = config\gatekeeper.config
	EndProjectSection
EndProject
Project("{FAE04EC0-301F-11D3-BF4B-00C04F79EFBC}") = "gatekeeper-util", "src\gatekeeper-util\gatekeeper-util.csproj", "{5833C950-08D9-4984-9046-EA790B98C146}"
EndProject
Global
	GlobalSection(SolutionConfigurationPlatforms) = preSolution
		Debug|Any CPU = Debug|Any CPU
		Release|Any CPU = Release|Any CPU
	EndGlobalSection
	GlobalSection(ProjectConfigurationPlatforms) = postSolution
		{0071DF8E-0822-42B2-9914-4556AD291CF0}.Debug|Any CPU.ActiveCfg = Debug|Any CPU
		{0071DF8E-0822-42B2-9914-4556AD291CF0}.Debug|Any CPU.Build.0 = Debug|Any CPU
		{0071DF8E-0822-42B2-9914-4556AD291CF0}.Release|Any CPU.ActiveCfg = Release|Any CPU
		{0071DF8E-0822-42B2-9914-4556AD291CF0}.Release|Any CPU.Build.0 = Release|Any CPU
		{03B6D6DB-67BE-42A0-9727-E72FEB08BCCF}.Debug|Any CPU.ActiveCfg = Debug|Any CPU
		{03B6D6DB-67BE-42A0-9727-E72FEB08BCCF}.Debug|Any CPU.Build.0 = Debug|Any CPU
		{03B6D6DB-67BE-42A0-9727-E72FEB08BCCF}.Release|Any CPU.ActiveCfg = Release|Any CPU
		{03B6D6DB-67BE-42A0-9727-E72FEB08BCCF}.Release|Any CPU.Build.0 = Release|Any CPU
		{5833C950-08D9-4984-9046-EA790B98C146}.Debug|Any CPU.ActiveCfg = Debug|Any CPU
		{5833C950-08D9-4984-9046-EA790B98C146}.Debug|Any CPU.Build.0 = Debug|Any CPU
		{5833C950-08D9-4984-9046-EA790B98C146}.Release|Any CPU.ActiveCfg = Release|Any CPU
		{5833C950-08D9-4984-9046-EA790B98C146}.Release|Any CPU.Build.0 = Release|Any CPU
		{66B146C6-A571-467B-B1E9-12A589211310}.Debug|Any CPU.ActiveCfg = Debug|Any CPU
		{66B146C6-A571-467B-B1E9-12A589211310}.Debug|Any CPU.Build.0 = Debug|Any CPU
		{66B146C6-A571-467B-B1E9-12A589211310}.Release|Any CPU.ActiveCfg = Release|Any CPU
		{66B146C6-A571-467B-B1E9-12A589211310}.Release|Any CPU.Build.0 = Release|Any CPU
		{F7AF4F27-ACFD-49B9-82CB-4660DC2703DE}.Debug|Any CPU.ActiveCfg = Debug|Any CPU
		{F7AF4F27-ACFD-49B9-82CB-4660DC2703DE}.Debug|Any CPU.Build.0 = Debug|Any CPU
		{F7AF4F27-ACFD-49B9-82CB-4660DC2703DE}.Release|Any CPU.ActiveCfg = Release|Any CPU
		{F7AF4F27-ACFD-49B9-82CB-4660DC2703DE}.Release|Any CPU.Build.0 = Release|Any CPU
	EndGlobalSection
	GlobalSection(NestedProjects) = preSolution
	EndGlobalSection
	GlobalSection(MonoDevelopProperties) = preSolution
		StartupItem = src\gatekeeper-console\gatekeeper-console.csproj
	EndGlobalSection
EndGlobal
